
Microsoft Visual Studio Solution File, Format Version 12.00
# Visual Studio Version 17
VisualStudioVersion = 17.7.34221.43
MinimumVisualStudioVersion = 10.0.40219.1
Project("{FAE04EC0-301F-11D3-BF4B-00C04F79EFBC}") = "SQLite", "SQLite\SQLite.csproj", "{670319EE-0C92-4FFA-A28A-9EE5086FFD62}"
EndProject
Project("{FAE04EC0-301F-11D3-BF4B-00C04F79EFBC}") = "DBFirstApp", "DBFirstApp\DBFirstApp.csproj", "{8FA0AF95-022E-401B-ACDE-BB422FA10521}"
EndProject
Global
	GlobalSection(SolutionConfigurationPlatforms) = preSolution
		Debug|Any CPU = Debug|Any CPU
		Release|Any CPU = Release|Any CPU
	EndGlobalSection
	GlobalSection(ProjectConfigurationPlatforms) = postSolution
		{670319EE-0C92-4FFA-A28A-9EE5086FFD62}.Debug|Any CPU.ActiveCfg = Debug|Any CPU
		{670319EE-0C92-4FFA-A28A-9EE5086FFD62}.Debug|Any CPU.Build.0 = Debug|Any CPU
		{670319EE-0C92-4FFA-A28A-9EE5086FFD62}.Release|Any CPU.ActiveCfg = Release|Any CPU
		{670319EE-0C92-4FFA-A28A-9EE5086FFD62}.Release|Any CPU.Build.0 = Release|Any CPU
		{8FA0AF95-022E-401B-ACDE-BB422FA10521}.Debug|Any CPU.ActiveCfg = Debug|Any CPU
		{8FA0AF95-022E-401B-ACDE-BB422FA10521}.Debug|Any CPU.Build.0 = Debug|Any CPU
		{8FA0AF95-022E-401B-ACDE-BB422FA10521}.Release|Any CPU.ActiveCfg = Release|Any CPU
		{8FA0AF95-022E-401B-ACDE-BB422FA10521}.Release|Any CPU.Build.0 = Release|Any CPU
	EndGlobalSection
	GlobalSection(SolutionProperties) = preSolution
		HideSolutionNode = FALSE
	EndGlobalSection
	GlobalSection(ExtensibilityGlobals) = postSolution
		SolutionGuid = {C7038649-839E-4798-8608-620550F594DA}
	EndGlobalSection
EndGlobal
